<?xml version="1.0" encoding="utf-8"?>
<Project ToolsVersion="4.0" xmlns="http://schemas.microsoft.com/developer/msbuild/2003">
  <ItemGroup>
    <Filter Include="win32">
      <UniqueIdentifier>{84a8ebd7-7cf0-47f6-b75e-d441df67da40}</UniqueIdentifier>
    </Filter>
    <Filter Include="resource">
      <UniqueIdentifier>{715254bc-d70b-4ec5-bf29-467dd3ace079}</UniqueIdentifier>
    </Filter>
    <Filter Include="src">
      <UniqueIdentifier>{31c39733-d2aa-4a52-9354-b406600bd41a}</UniqueIdentifier>
    </Filter>
    <Filter Include="src\c2xa">
      <UniqueIdentifier>{e0626f61-8b7a-4235-834b-49a6a8aa5026}</UniqueIdentifier>
    </Filter>
    <Filter Include="src\c2xa\bullet">
      <UniqueIdentifier>{fb129801-5ad9-4ff2-b5c6-6b6042a088d1}</UniqueIdentifier>
    </Filter>
    <Filter Include="src\c2xa\scene">
      <UniqueIdentifier>{326f1015-052d-4f60-8391-de899cf05f2c}</UniqueIdentifier>
    </Filter>
    <Filter Include="src\c2xa\object">
      <UniqueIdentifier>{c8eb15a9-544c-40b3-971e-34cc7b6be7bb}</UniqueIdentifier>
    </Filter>
    <Filter Include="src\c2xa\scene\main">
      <UniqueIdentifier>{b85ba7da-f4d7-4d12-8f60-cbd23d6e1c61}</UniqueIdentifier>
    </Filter>
    <Filter Include="src\c2xa\scene\main\layer">
      <UniqueIdentifier>{223282f9-66c4-4601-a72a-05dbd2826c91}</UniqueIdentifier>
    </Filter>
    <Filter Include="src\c2xa\scene\score">
      <UniqueIdentifier>{e5c7c819-c755-4ee7-919e-10ee8d498c77}</UniqueIdentifier>
    </Filter>
    <Filter Include="src\c2xa\collision">
      <UniqueIdentifier>{d1a73184-2f22-4751-82d9-a2819bc418d2}</UniqueIdentifier>
    </Filter>
    <Filter Include="resource\scripts">
      <UniqueIdentifier>{9de943f1-fc79-4a6a-ad4f-a34c55bf4e37}</UniqueIdentifier>
    </Filter>
    <Filter Include="resource\scripts\c2xa">
      <UniqueIdentifier>{857a9ca3-e3ba-4325-af00-738539526bf6}</UniqueIdentifier>
    </Filter>
  </ItemGroup>
  <ItemGroup>
    <ClCompile Include="main.cpp">
      <Filter>win32</Filter>
    </ClCompile>
    <ClCompile Include="..\Classes\app_delegate.cpp">
      <Filter>src</Filter>
    </ClCompile>
    <ClCompile Include="..\Classes\c2xa\scene\main_scene.cpp">
      <Filter>src\c2xa\scene</Filter>
    </ClCompile>
    <ClCompile Include="..\Classes\c2xa\object\player.cpp">
      <Filter>src\c2xa\object</Filter>
    </ClCompile>
    <ClCompile Include="..\Classes\c2xa\judgement.cpp">
      <Filter>src\c2xa</Filter>
    </ClCompile>
    <ClCompile Include="..\Classes\c2xa\scene\end_scene.cpp">
      <Filter>src\c2xa\scene</Filter>
    </ClCompile>
    <ClCompile Include="..\Classes\c2xa\scene\score_scene.cpp">
      <Filter>src\c2xa\scene</Filter>
    </ClCompile>
    <ClCompile Include="..\Classes\c2xa\scene\main\layer\object_layer.cpp">
      <Filter>src\c2xa\scene\main\layer</Filter>
    </ClCompile>
    <ClCompile Include="..\Classes\c2xa\utility.cpp">
      <Filter>src\c2xa</Filter>
    </ClCompile>
    <ClCompile Include="..\Classes\c2xa\object\enemy.cpp">
      <Filter>src\c2xa\object</Filter>
    </ClCompile>
  </ItemGroup>
  <ItemGroup>
    <ClInclude Include="main.h">
      <Filter>win32</Filter>
    </ClInclude>
    <ClInclude Include="..\Classes\app_delegate.hpp">
      <Filter>src</Filter>
    </ClInclude>
    <ClInclude Include="..\Classes\c2xa\scene\main_scene.hpp">
      <Filter>src\c2xa\scene</Filter>
    </ClInclude>
    <ClInclude Include="..\Classes\c2xa\object\player.hpp">
      <Filter>src\c2xa\object</Filter>
    </ClInclude>
    <ClInclude Include="..\Classes\c2xa\scene\main\layer\object_layer.hpp">
      <Filter>src\c2xa\scene\main\layer</Filter>
    </ClInclude>
    <ClInclude Include="..\Classes\c2xa\c2xa_config.hpp">
      <Filter>src\c2xa</Filter>
    </ClInclude>
    <ClInclude Include="..\Classes\c2xa\utility.hpp">
      <Filter>src\c2xa</Filter>
    </ClInclude>
    <ClInclude Include="..\Classes\c2xa\scene\main\layer\ui_layer.hpp">
      <Filter>src\c2xa\scene\main\layer</Filter>
    </ClInclude>
    <ClInclude Include="..\Classes\c2xa\scene\main\layer\background_layer.hpp">
      <Filter>src\c2xa\scene\main\layer</Filter>
    </ClInclude>
    <ClInclude Include="..\Classes\c2xa\bullet\player_bullet.hpp">
      <Filter>src\c2xa\bullet</Filter>
    </ClInclude>
    <ClInclude Include="..\Classes\c2xa\scene\score_scene.hpp">
      <Filter>src\c2xa\scene</Filter>
    </ClInclude>
    <ClInclude Include="..\Classes\c2xa\to_string_from_score.hpp">
      <Filter>src\c2xa</Filter>
    </ClInclude>
    <ClInclude Include="..\Classes\c2xa\judgement.hpp">
      <Filter>src\c2xa</Filter>
    </ClInclude>
    <ClInclude Include="..\Classes\c2xa\object\coin.hpp">
      <Filter>src\c2xa\object</Filter>
    </ClInclude>
    <ClInclude Include="..\Classes\c2xa\collision.hpp">
      <Filter>src\c2xa</Filter>
    </ClInclude>
    <ClInclude Include="..\Classes\c2xa\object\super_coin.hpp">
      <Filter>src\c2xa\object</Filter>
    </ClInclude>
    <ClInclude Include="..\Classes\c2xa\object\object.hpp">
      <Filter>src\c2xa\object</Filter>
    </ClInclude>
    <ClInclude Include="..\Classes\c2xa\scene\end_scene.hpp">
      <Filter>src\c2xa\scene</Filter>
    </ClInclude>
    <ClInclude Include="..\Classes\c2xa\object\enemy.hpp">
      <Filter>src\c2xa\object</Filter>
    </ClInclude>
    <ClInclude Include="..\Classes\c2xa\counter.hpp">
      <Filter>src\c2xa</Filter>
    </ClInclude>
    <ClInclude Include="..\Classes\c2xa\bullet\enemy_bullet.hpp">
      <Filter>src\c2xa\bullet</Filter>
    </ClInclude>
  </ItemGroup>
  <ItemGroup>
    <ResourceCompile Include="game.rc">
      <Filter>resource</Filter>
    </ResourceCompile>
  </ItemGroup>
  <ItemGroup>
    <None Include="..\Resources\scripts\c2xa\action.lua">
      <Filter>resource\scripts\c2xa</Filter>
    </None>
    <None Include="..\Resources\scripts\c2xa\generate.lua">
      <Filter>resource\scripts\c2xa</Filter>
    </None>
    <None Include="..\Resources\scripts\c2xa\moving.lua">
      <Filter>resource\scripts\c2xa</Filter>
    </None>
    <None Include="..\Resources\scripts\c2xa\extend.lua">
      <Filter>resource\scripts\c2xa</Filter>
    </None>
    <None Include="..\Resources\scripts\c2xa\bullet.lua">
      <Filter>resource\scripts\c2xa</Filter>
    </None>
  </ItemGroup>
</Project>